
Microsoft Visual Studio Solution File, Format Version 12.00
# Visual Studio 2013
VisualStudioVersion = 12.0.31101.0
MinimumVisualStudioVersion = 10.0.40219.1
Project("{FAE04EC0-301F-11D3-BF4B-00C04F79EFBC}") = "SPNG", "SPNG\SPNG.csproj", "{F358FB55-24B7-4663-A623-A96BE2A57576}"
EndProject
Global
	GlobalSection(SolutionConfigurationPlatforms) = preSolution
		Debug|Any CPU = Debug|Any CPU
		Release|Any CPU = Release|Any CPU
	EndGlobalSection
	GlobalSection(ProjectConfigurationPlatforms) = postSolution
		{F358FB55-24B7-4663-A623-A96BE2A57576}.Debug|Any CPU.ActiveCfg = Debug|Any CPU
		{F358FB55-24B7-4663-A623-A96BE2A57576}.Debug|Any CPU.Build.0 = Debug|Any CPU
		{F358FB55-24B7-4663-A623-A96BE2A57576}.Debug|Any CPU.Deploy.0 = Debug|Any CPU
		{F358FB55-24B7-4663-A623-A96BE2A57576}.Release|Any CPU.ActiveCfg = Release|Any CPU
		{F358FB55-24B7-4663-A623-A96BE2A57576}.Release|Any CPU.Build.0 = Release|Any CPU
		{F358FB55-24B7-4663-A623-A96BE2A57576}.Release|Any CPU.Deploy.0 = Release|Any CPU
	EndGlobalSection
	GlobalSection(SolutionProperties) = preSolution
		HideSolutionNode = FALSE
	EndGlobalSection
EndGlobal
